
Microsoft Visual Studio Solution File, Format Version 12.00
# Visual Studio Version 17
VisualStudioVersion = 17.2.32630.192
MinimumVisualStudioVersion = 10.0.40219.1
Project("{2150E333-8FDC-42A3-9474-1A3956D46DE8}") = "Services", "Services", "{C945BF03-F6BB-45B2-A159-7853BC697138}"
EndProject
Project("{2150E333-8FDC-42A3-9474-1A3956D46DE8}") = "Inventories", "Inventories", "{D9AF3D02-14E5-47CB-9E01-B888E29AD332}"
EndProject
Project("{2150E333-8FDC-42A3-9474-1A3956D46DE8}") = "Products", "Products", "{65E2F521-06E7-4ACC-9575-B3E94F9CB561}"
EndProject
Project("{2150E333-8FDC-42A3-9474-1A3956D46DE8}") = "Purchases", "Purchases", "{6323AA6C-F8D9-4D95-8FB7-1E6D315312E5}"
EndProject
Project("{2150E333-8FDC-42A3-9474-1A3956D46DE8}") = "Damages", "Damages", "{811281E7-C180-47BA-A173-956C3495838A}"
EndProject
Project("{2150E333-8FDC-42A3-9474-1A3956D46DE8}") = "Users", "Users", "{3F29FC06-FA97-46A7-9664-E6524E8B5E15}"
EndProject
Project("{FAE04EC0-301F-11D3-BF4B-00C04F79EFBC}") = "Damages.API", "Damages.API\Damages.API.csproj", "{DA4C8C1C-7FC4-4990-86A3-D8040E33F77E}"
EndProject
Project("{FAE04EC0-301F-11D3-BF4B-00C04F79EFBC}") = "Inventories.API", "Inventories.API\Inventories.API.csproj", "{97949942-9590-4408-B6C9-53000FFD3DF8}"
EndProject
Project("{FAE04EC0-301F-11D3-BF4B-00C04F79EFBC}") = "Products.API", "Products.API\Products.API.csproj", "{6E89FDA0-F17F-4A2C-ADA0-A8319AD80DD2}"
EndProject
Project("{FAE04EC0-301F-11D3-BF4B-00C04F79EFBC}") = "Purchases.API", "Purchases.API\Purchases.API.csproj", "{B1A79142-04C8-4FD1-AB55-0D0880543221}"
EndProject
Project("{FAE04EC0-301F-11D3-BF4B-00C04F79EFBC}") = "Users.API", "Users.API\Users.API.csproj", "{FC840C3A-7F8C-48B6-91C6-78EBE761F993}"
EndProject
Global
	GlobalSection(SolutionConfigurationPlatforms) = preSolution
		Debug|Any CPU = Debug|Any CPU
		Release|Any CPU = Release|Any CPU
	EndGlobalSection
	GlobalSection(ProjectConfigurationPlatforms) = postSolution
		{DA4C8C1C-7FC4-4990-86A3-D8040E33F77E}.Debug|Any CPU.ActiveCfg = Debug|Any CPU
		{DA4C8C1C-7FC4-4990-86A3-D8040E33F77E}.Debug|Any CPU.Build.0 = Debug|Any CPU
		{DA4C8C1C-7FC4-4990-86A3-D8040E33F77E}.Release|Any CPU.ActiveCfg = Release|Any CPU
		{DA4C8C1C-7FC4-4990-86A3-D8040E33F77E}.Release|Any CPU.Build.0 = Release|Any CPU
		{97949942-9590-4408-B6C9-53000FFD3DF8}.Debug|Any CPU.ActiveCfg = Debug|Any CPU
		{97949942-9590-4408-B6C9-53000FFD3DF8}.Debug|Any CPU.Build.0 = Debug|Any CPU
		{97949942-9590-4408-B6C9-53000FFD3DF8}.Release|Any CPU.ActiveCfg = Release|Any CPU
		{97949942-9590-4408-B6C9-53000FFD3DF8}.Release|Any CPU.Build.0 = Release|Any CPU
		{6E89FDA0-F17F-4A2C-ADA0-A8319AD80DD2}.Debug|Any CPU.ActiveCfg = Debug|Any CPU
		{6E89FDA0-F17F-4A2C-ADA0-A8319AD80DD2}.Debug|Any CPU.Build.0 = Debug|Any CPU
		{6E89FDA0-F17F-4A2C-ADA0-A8319AD80DD2}.Release|Any CPU.ActiveCfg = Release|Any CPU
		{6E89FDA0-F17F-4A2C-ADA0-A8319AD80DD2}.Release|Any CPU.Build.0 = Release|Any CPU
		{B1A79142-04C8-4FD1-AB55-0D0880543221}.Debug|Any CPU.ActiveCfg = Debug|Any CPU
		{B1A79142-04C8-4FD1-AB55-0D0880543221}.Debug|Any CPU.Build.0 = Debug|Any CPU
		{B1A79142-04C8-4FD1-AB55-0D0880543221}.Release|Any CPU.ActiveCfg = Release|Any CPU
		{B1A79142-04C8-4FD1-AB55-0D0880543221}.Release|Any CPU.Build.0 = Release|Any CPU
		{FC840C3A-7F8C-48B6-91C6-78EBE761F993}.Debug|Any CPU.ActiveCfg = Debug|Any CPU
		{FC840C3A-7F8C-48B6-91C6-78EBE761F993}.Debug|Any CPU.Build.0 = Debug|Any CPU
		{FC840C3A-7F8C-48B6-91C6-78EBE761F993}.Release|Any CPU.ActiveCfg = Release|Any CPU
		{FC840C3A-7F8C-48B6-91C6-78EBE761F993}.Release|Any CPU.Build.0 = Release|Any CPU
	EndGlobalSection
	GlobalSection(SolutionProperties) = preSolution
		HideSolutionNode = FALSE
	EndGlobalSection
	GlobalSection(NestedProjects) = preSolution
		{D9AF3D02-14E5-47CB-9E01-B888E29AD332} = {C945BF03-F6BB-45B2-A159-7853BC697138}
		{65E2F521-06E7-4ACC-9575-B3E94F9CB561} = {C945BF03-F6BB-45B2-A159-7853BC697138}
		{6323AA6C-F8D9-4D95-8FB7-1E6D315312E5} = {C945BF03-F6BB-45B2-A159-7853BC697138}
		{811281E7-C180-47BA-A173-956C3495838A} = {C945BF03-F6BB-45B2-A159-7853BC697138}
		{3F29FC06-FA97-46A7-9664-E6524E8B5E15} = {C945BF03-F6BB-45B2-A159-7853BC697138}
		{DA4C8C1C-7FC4-4990-86A3-D8040E33F77E} = {811281E7-C180-47BA-A173-956C3495838A}
		{97949942-9590-4408-B6C9-53000FFD3DF8} = {D9AF3D02-14E5-47CB-9E01-B888E29AD332}
		{6E89FDA0-F17F-4A2C-ADA0-A8319AD80DD2} = {65E2F521-06E7-4ACC-9575-B3E94F9CB561}
		{B1A79142-04C8-4FD1-AB55-0D0880543221} = {6323AA6C-F8D9-4D95-8FB7-1E6D315312E5}
		{FC840C3A-7F8C-48B6-91C6-78EBE761F993} = {3F29FC06-FA97-46A7-9664-E6524E8B5E15}
	EndGlobalSection
	GlobalSection(ExtensibilityGlobals) = postSolution
		SolutionGuid = {69D164F5-4168-4F5C-A1AB-A9B1B0C38457}
	EndGlobalSection
EndGlobal
